
Microsoft Visual Studio Solution File, Format Version 12.00
# Visual Studio 14
VisualStudioVersion = 14.0.25420.1
MinimumVisualStudioVersion = 10.0.40219.1
Project("{2150E333-8FDC-42A3-9474-1A3956D46DE8}") = "src", "src", "{0CD943B7-DF8C-444B-A341-93894542B8CF}"
EndProject
Project("{2150E333-8FDC-42A3-9474-1A3956D46DE8}") = "tests", "tests", "{9B597CC9-7726-4D9D-A79F-78B5254B0C97}"
EndProject
Project("{FAE04EC0-301F-11D3-BF4B-00C04F79EFBC}") = "OSharp.Utility", "src\OSharp.Utility\OSharp.Utility.csproj", "{946E0A0A-8280-46B3-893E-1B00A554CCAB}"
EndProject
Project("{FAE04EC0-301F-11D3-BF4B-00C04F79EFBC}") = "OSharp.Core", "src\OSharp.Core\OSharp.Core.csproj", "{F7C67C95-FACB-4160-9A88-CB738E65E034}"
EndProject
Project("{FAE04EC0-301F-11D3-BF4B-00C04F79EFBC}") = "OSharp.Data.Entity", "src\OSharp.Data.Entity\OSharp.Data.Entity.csproj", "{D58A373C-1A9C-4BF7-833D-427E4AEF8502}"
EndProject
Project("{2150E333-8FDC-42A3-9474-1A3956D46DE8}") = "samples", "samples", "{2DFA1EE8-C9D7-4A06-8490-C49EC170FE9F}"
EndProject
Project("{FAE04EC0-301F-11D3-BF4B-00C04F79EFBC}") = "OSharp.Demo.Web", "samples\OSharp.Demo.Web\OSharp.Demo.Web.csproj", "{9FD5C648-E310-41F2-A905-517514E9E4E2}"
EndProject
Project("{2150E333-8FDC-42A3-9474-1A3956D46DE8}") = "docs", "docs", "{95964771-8E61-477C-9361-AD569DCE74BA}"
	ProjectSection(SolutionItems) = preProject
		docs\Function_EntityInfo-CodeMap.dgml = docs\Function_EntityInfo-CodeMap.dgml
		docs\OSharp.Keys.snk = docs\OSharp.Keys.snk
		docs\OSharp开发框架架构示图.png = docs\OSharp开发框架架构示图.png
		docs\OSharp开发框架架构示图.vsd = docs\OSharp开发框架架构示图.vsd
		docs\OSharp日志模块示图.png = docs\OSharp日志模块示图.png
		docs\OSharp日志模块示图.vsd = docs\OSharp日志模块示图.vsd
		docs\osharp权限系统分析.md = docs\osharp权限系统分析.md
		docs\OSharp权限系统设计.png = docs\OSharp权限系统设计.png
		docs\OSharp权限系统设计.vsd = docs\OSharp权限系统设计.vsd
		docs\OSharp框架初始化总体流程图.png = docs\OSharp框架初始化总体流程图.png
		docs\OSharp框架初始化流程图.vsd = docs\OSharp框架初始化流程图.vsd
		README.md = README.md
		docs\操作数据日志.vsd = docs\操作数据日志.vsd
	EndProjectSection
EndProject
Project("{FAE04EC0-301F-11D3-BF4B-00C04F79EFBC}") = "OSharp.Demo.Consoles", "samples\OSharp.Demo.Consoles\OSharp.Demo.Consoles.csproj", "{40B1620B-9248-4965-AB4A-4DE71B1BFC5F}"
EndProject
Project("{2150E333-8FDC-42A3-9474-1A3956D46DE8}") = ".nuget", ".nuget", "{A8B16BDC-F696-4DF9-98A5-7CA605B6E656}"
	ProjectSection(SolutionItems) = preProject
		.nuget\NuGet.Config = .nuget\NuGet.Config
		.nuget\NuGet.exe = .nuget\NuGet.exe
		.nuget\NuGet.targets = .nuget\NuGet.targets
	EndProjectSection
EndProject
Project("{FAE04EC0-301F-11D3-BF4B-00C04F79EFBC}") = "OSharp.Permissions", "src\OSharp.Permissions\OSharp.Permissions.csproj", "{E34D7585-25DA-4622-9019-89DBC766AD67}"
EndProject
Project("{FAE04EC0-301F-11D3-BF4B-00C04F79EFBC}") = "OSharp.Demo.Core", "samples\OSharp.Demo.Core\OSharp.Demo.Core.csproj", "{4E6DC732-C77F-420C-B162-869496520D99}"
EndProject
Project("{FAE04EC0-301F-11D3-BF4B-00C04F79EFBC}") = "OSharp.Data.Entity.MySql", "src\OSharp.Data.Entity.MySql\OSharp.Data.Entity.MySql.csproj", "{EF0FECD8-4A75-4D0E-8D98-1AF4218D2618}"
EndProject
Project("{2150E333-8FDC-42A3-9474-1A3956D46DE8}") = "developing", "developing", "{B60BCD28-D10E-4ACF-86A4-CDBB6FE2BA90}"
EndProject
Project("{2150E333-8FDC-42A3-9474-1A3956D46DE8}") = "nupkg", "nupkg", "{C51A67B3-F97E-4EB2-8C63-53C6589B69F0}"
	ProjectSection(SolutionItems) = preProject
		nupkg\pack-osharp.bat = nupkg\pack-osharp.bat
	EndProjectSection
EndProject
Project("{FAE04EC0-301F-11D3-BF4B-00C04F79EFBC}") = "OSharp.UnitTest.Infrastructure", "tests\OSharp.UnitTest.Infrastructure\OSharp.UnitTest.Infrastructure.csproj", "{2F9BC5E5-8782-4A7E-863A-EC944EAFAC4B}"
EndProject
Project("{FAE04EC0-301F-11D3-BF4B-00C04F79EFBC}") = "OSharp.Utility.Tests", "tests\OSharp.Utility.Tests\OSharp.Utility.Tests.csproj", "{AB8E170C-A389-4700-88D8-E3C42B1DB65C}"
EndProject
Project("{FAE04EC0-301F-11D3-BF4B-00C04F79EFBC}") = "OSharp.Web.Mvc", "src\OSharp.Web.Mvc\OSharp.Web.Mvc.csproj", "{15279347-B0D7-41F3-A955-F4C34AA1A03B}"
EndProject
Project("{FAE04EC0-301F-11D3-BF4B-00C04F79EFBC}") = "OSharp.Logging.Log4Net", "src\OSharp.Logging.Log4Net\OSharp.Logging.Log4Net.csproj", "{6312040F-2467-4479-A764-46F687DBA66B}"
EndProject
Project("{FAE04EC0-301F-11D3-BF4B-00C04F79EFBC}") = "OSharp.Autofac.Mvc", "src\OSharp.Autofac.Mvc\OSharp.Autofac.Mvc.csproj", "{EC26E385-6DED-4695-9338-B7136152ABC6}"
EndProject
Project("{2150E333-8FDC-42A3-9474-1A3956D46DE8}") = "Mvc", "Mvc", "{534E2081-80F7-43E1-A1BF-FB59ACE918CC}"
EndProject
Project("{2150E333-8FDC-42A3-9474-1A3956D46DE8}") = "WebApi", "WebApi", "{B87A679B-22C1-4222-B3A8-B41C358EFA19}"
EndProject
Project("{FAE04EC0-301F-11D3-BF4B-00C04F79EFBC}") = "OSharp.Web.WebApi", "src\OSharp.Web.WebApi\OSharp.Web.WebApi.csproj", "{FA06BC09-11B9-4FBD-81CD-24075ED1EC57}"
EndProject
Project("{FAE04EC0-301F-11D3-BF4B-00C04F79EFBC}") = "OSharp.Autofac.WebApi", "src\OSharp.Autofac.WebApi\OSharp.Autofac.WebApi.csproj", "{8A4E190D-7D67-4EA4-92C7-90477608C091}"
EndProject
Project("{2150E333-8FDC-42A3-9474-1A3956D46DE8}") = "SignalR", "SignalR", "{83C2F482-D836-49EE-A54D-B8686574B297}"
EndProject
Project("{FAE04EC0-301F-11D3-BF4B-00C04F79EFBC}") = "OSharp.Web.SignalR", "src\OSharp.Web.SignalR\OSharp.Web.SignalR.csproj", "{47D3569D-7FE4-4A97-99AF-8B16823F3B1F}"
EndProject
Project("{FAE04EC0-301F-11D3-BF4B-00C04F79EFBC}") = "OSharp.Autofac.SignalR", "src\OSharp.Autofac.SignalR\OSharp.Autofac.SignalR.csproj", "{6B7BC43B-7373-41F8-95C9-7E76FCFA3672}"
EndProject
Project("{FAE04EC0-301F-11D3-BF4B-00C04F79EFBC}") = "OSharp.Web.Client", "src\OSharp.Web.Client\OSharp.Web.Client.csproj", "{34320480-00D5-4399-B4B1-25BF7B297EAB}"
EndProject
Project("{2150E333-8FDC-42A3-9474-1A3956D46DE8}") = "Local", "Local", "{6A4D4590-B97E-46D0-9F8F-1C82A97D2BBC}"
EndProject
Project("{FAE04EC0-301F-11D3-BF4B-00C04F79EFBC}") = "OSharp.App.Local", "src\OSharp.App.Local\OSharp.App.Local.csproj", "{FAB53F03-6932-4E2B-87BE-4B818B5E85AA}"
EndProject
Project("{FAE04EC0-301F-11D3-BF4B-00C04F79EFBC}") = "OSharp.AutoMapper", "src\OSharp.AutoMapper\OSharp.AutoMapper.csproj", "{D4AB25FE-EAC2-469F-8CEA-79C5894E7FF0}"
EndProject
Project("{FAE04EC0-301F-11D3-BF4B-00C04F79EFBC}") = "OSharp.Permissions.OAuth", "src\OSharp.Permissions.OAuth\OSharp.Permissions.OAuth.csproj", "{85C8D5B7-1692-434C-AFCD-01940930F6C5}"
EndProject
Project("{FAE04EC0-301F-11D3-BF4B-00C04F79EFBC}") = "OSharp.Permissions.OAuth.Client", "src\OSharp.Permissions.OAuth.Client\OSharp.Permissions.OAuth.Client.csproj", "{15F1E2CE-C9ED-463D-B842-3B8FA922F8C6}"
EndProject
Project("{FAE04EC0-301F-11D3-BF4B-00C04F79EFBC}") = "OSharp.Web.SignalR.Client", "src\OSharp.Web.SignalR.Client\OSharp.Web.SignalR.Client.csproj", "{42DC902E-89CE-4CC3-BFF2-017F6B804D2D}"
EndProject
Project("{2150E333-8FDC-42A3-9474-1A3956D46DE8}") = "Mapper", "Mapper", "{4B0FD294-8EB3-43B6-B09C-BF45C00D8A3E}"
EndProject
Project("{FAE04EC0-301F-11D3-BF4B-00C04F79EFBC}") = "OSharp.Autofac.Hangfire", "src\OSharp.Autofac.Hangfire\OSharp.Autofac.Hangfire.csproj", "{8BFBF42C-D5FD-46F4-8A32-DABC19455077}"
EndProject
Project("{FAE04EC0-301F-11D3-BF4B-00C04F79EFBC}") = "OSharp.Redis", "src\OSharp.Redis\OSharp.Redis.csproj", "{9C2217D9-6890-49EF-9593-C1D20BBC204D}"
EndProject
Global
	GlobalSection(SolutionConfigurationPlatforms) = preSolution
		Debug|Any CPU = Debug|Any CPU
		Release|Any CPU = Release|Any CPU
	EndGlobalSection
	GlobalSection(ProjectConfigurationPlatforms) = postSolution
		{946E0A0A-8280-46B3-893E-1B00A554CCAB}.Debug|Any CPU.ActiveCfg = Debug|Any CPU
		{946E0A0A-8280-46B3-893E-1B00A554CCAB}.Debug|Any CPU.Build.0 = Debug|Any CPU
		{946E0A0A-8280-46B3-893E-1B00A554CCAB}.Release|Any CPU.ActiveCfg = Release|Any CPU
		{946E0A0A-8280-46B3-893E-1B00A554CCAB}.Release|Any CPU.Build.0 = Release|Any CPU
		{F7C67C95-FACB-4160-9A88-CB738E65E034}.Debug|Any CPU.ActiveCfg = Debug|Any CPU
		{F7C67C95-FACB-4160-9A88-CB738E65E034}.Debug|Any CPU.Build.0 = Debug|Any CPU
		{F7C67C95-FACB-4160-9A88-CB738E65E034}.Release|Any CPU.ActiveCfg = Release|Any CPU
		{F7C67C95-FACB-4160-9A88-CB738E65E034}.Release|Any CPU.Build.0 = Release|Any CPU
		{D58A373C-1A9C-4BF7-833D-427E4AEF8502}.Debug|Any CPU.ActiveCfg = Debug|Any CPU
		{D58A373C-1A9C-4BF7-833D-427E4AEF8502}.Debug|Any CPU.Build.0 = Debug|Any CPU
		{D58A373C-1A9C-4BF7-833D-427E4AEF8502}.Release|Any CPU.ActiveCfg = Release|Any CPU
		{D58A373C-1A9C-4BF7-833D-427E4AEF8502}.Release|Any CPU.Build.0 = Release|Any CPU
		{9FD5C648-E310-41F2-A905-517514E9E4E2}.Debug|Any CPU.ActiveCfg = Debug|Any CPU
		{9FD5C648-E310-41F2-A905-517514E9E4E2}.Debug|Any CPU.Build.0 = Debug|Any CPU
		{9FD5C648-E310-41F2-A905-517514E9E4E2}.Release|Any CPU.ActiveCfg = Release|Any CPU
		{9FD5C648-E310-41F2-A905-517514E9E4E2}.Release|Any CPU.Build.0 = Release|Any CPU
		{40B1620B-9248-4965-AB4A-4DE71B1BFC5F}.Debug|Any CPU.ActiveCfg = Debug|Any CPU
		{40B1620B-9248-4965-AB4A-4DE71B1BFC5F}.Debug|Any CPU.Build.0 = Debug|Any CPU
		{40B1620B-9248-4965-AB4A-4DE71B1BFC5F}.Release|Any CPU.ActiveCfg = Release|Any CPU
		{40B1620B-9248-4965-AB4A-4DE71B1BFC5F}.Release|Any CPU.Build.0 = Release|Any CPU
		{E34D7585-25DA-4622-9019-89DBC766AD67}.Debug|Any CPU.ActiveCfg = Debug|Any CPU
		{E34D7585-25DA-4622-9019-89DBC766AD67}.Debug|Any CPU.Build.0 = Debug|Any CPU
		{E34D7585-25DA-4622-9019-89DBC766AD67}.Release|Any CPU.ActiveCfg = Release|Any CPU
		{E34D7585-25DA-4622-9019-89DBC766AD67}.Release|Any CPU.Build.0 = Release|Any CPU
		{4E6DC732-C77F-420C-B162-869496520D99}.Debug|Any CPU.ActiveCfg = Debug|Any CPU
		{4E6DC732-C77F-420C-B162-869496520D99}.Debug|Any CPU.Build.0 = Debug|Any CPU
		{4E6DC732-C77F-420C-B162-869496520D99}.Release|Any CPU.ActiveCfg = Release|Any CPU
		{4E6DC732-C77F-420C-B162-869496520D99}.Release|Any CPU.Build.0 = Release|Any CPU
		{EF0FECD8-4A75-4D0E-8D98-1AF4218D2618}.Debug|Any CPU.ActiveCfg = Debug|Any CPU
		{EF0FECD8-4A75-4D0E-8D98-1AF4218D2618}.Debug|Any CPU.Build.0 = Debug|Any CPU
		{EF0FECD8-4A75-4D0E-8D98-1AF4218D2618}.Release|Any CPU.ActiveCfg = Release|Any CPU
		{EF0FECD8-4A75-4D0E-8D98-1AF4218D2618}.Release|Any CPU.Build.0 = Release|Any CPU
		{2F9BC5E5-8782-4A7E-863A-EC944EAFAC4B}.Debug|Any CPU.ActiveCfg = Debug|Any CPU
		{2F9BC5E5-8782-4A7E-863A-EC944EAFAC4B}.Debug|Any CPU.Build.0 = Debug|Any CPU
		{2F9BC5E5-8782-4A7E-863A-EC944EAFAC4B}.Release|Any CPU.ActiveCfg = Release|Any CPU
		{2F9BC5E5-8782-4A7E-863A-EC944EAFAC4B}.Release|Any CPU.Build.0 = Release|Any CPU
		{AB8E170C-A389-4700-88D8-E3C42B1DB65C}.Debug|Any CPU.ActiveCfg = Debug|Any CPU
		{AB8E170C-A389-4700-88D8-E3C42B1DB65C}.Debug|Any CPU.Build.0 = Debug|Any CPU
		{AB8E170C-A389-4700-88D8-E3C42B1DB65C}.Release|Any CPU.ActiveCfg = Release|Any CPU
		{AB8E170C-A389-4700-88D8-E3C42B1DB65C}.Release|Any CPU.Build.0 = Release|Any CPU
		{15279347-B0D7-41F3-A955-F4C34AA1A03B}.Debug|Any CPU.ActiveCfg = Debug|Any CPU
		{15279347-B0D7-41F3-A955-F4C34AA1A03B}.Debug|Any CPU.Build.0 = Debug|Any CPU
		{15279347-B0D7-41F3-A955-F4C34AA1A03B}.Release|Any CPU.ActiveCfg = Release|Any CPU
		{15279347-B0D7-41F3-A955-F4C34AA1A03B}.Release|Any CPU.Build.0 = Release|Any CPU
		{6312040F-2467-4479-A764-46F687DBA66B}.Debug|Any CPU.ActiveCfg = Debug|Any CPU
		{6312040F-2467-4479-A764-46F687DBA66B}.Debug|Any CPU.Build.0 = Debug|Any CPU
		{6312040F-2467-4479-A764-46F687DBA66B}.Release|Any CPU.ActiveCfg = Release|Any CPU
		{6312040F-2467-4479-A764-46F687DBA66B}.Release|Any CPU.Build.0 = Release|Any CPU
		{EC26E385-6DED-4695-9338-B7136152ABC6}.Debug|Any CPU.ActiveCfg = Debug|Any CPU
		{EC26E385-6DED-4695-9338-B7136152ABC6}.Debug|Any CPU.Build.0 = Debug|Any CPU
		{EC26E385-6DED-4695-9338-B7136152ABC6}.Release|Any CPU.ActiveCfg = Release|Any CPU
		{EC26E385-6DED-4695-9338-B7136152ABC6}.Release|Any CPU.Build.0 = Release|Any CPU
		{FA06BC09-11B9-4FBD-81CD-24075ED1EC57}.Debug|Any CPU.ActiveCfg = Debug|Any CPU
		{FA06BC09-11B9-4FBD-81CD-24075ED1EC57}.Debug|Any CPU.Build.0 = Debug|Any CPU
		{FA06BC09-11B9-4FBD-81CD-24075ED1EC57}.Release|Any CPU.ActiveCfg = Release|Any CPU
		{FA06BC09-11B9-4FBD-81CD-24075ED1EC57}.Release|Any CPU.Build.0 = Release|Any CPU
		{8A4E190D-7D67-4EA4-92C7-90477608C091}.Debug|Any CPU.ActiveCfg = Debug|Any CPU
		{8A4E190D-7D67-4EA4-92C7-90477608C091}.Debug|Any CPU.Build.0 = Debug|Any CPU
		{8A4E190D-7D67-4EA4-92C7-90477608C091}.Release|Any CPU.ActiveCfg = Release|Any CPU
		{8A4E190D-7D67-4EA4-92C7-90477608C091}.Release|Any CPU.Build.0 = Release|Any CPU
		{47D3569D-7FE4-4A97-99AF-8B16823F3B1F}.Debug|Any CPU.ActiveCfg = Debug|Any CPU
		{47D3569D-7FE4-4A97-99AF-8B16823F3B1F}.Debug|Any CPU.Build.0 = Debug|Any CPU
		{47D3569D-7FE4-4A97-99AF-8B16823F3B1F}.Release|Any CPU.ActiveCfg = Release|Any CPU
		{47D3569D-7FE4-4A97-99AF-8B16823F3B1F}.Release|Any CPU.Build.0 = Release|Any CPU
		{6B7BC43B-7373-41F8-95C9-7E76FCFA3672}.Debug|Any CPU.ActiveCfg = Debug|Any CPU
		{6B7BC43B-7373-41F8-95C9-7E76FCFA3672}.Debug|Any CPU.Build.0 = Debug|Any CPU
		{6B7BC43B-7373-41F8-95C9-7E76FCFA3672}.Release|Any CPU.ActiveCfg = Release|Any CPU
		{6B7BC43B-7373-41F8-95C9-7E76FCFA3672}.Release|Any CPU.Build.0 = Release|Any CPU
		{34320480-00D5-4399-B4B1-25BF7B297EAB}.Debug|Any CPU.ActiveCfg = Debug|Any CPU
		{34320480-00D5-4399-B4B1-25BF7B297EAB}.Debug|Any CPU.Build.0 = Debug|Any CPU
		{34320480-00D5-4399-B4B1-25BF7B297EAB}.Release|Any CPU.ActiveCfg = Release|Any CPU
		{34320480-00D5-4399-B4B1-25BF7B297EAB}.Release|Any CPU.Build.0 = Release|Any CPU
		{FAB53F03-6932-4E2B-87BE-4B818B5E85AA}.Debug|Any CPU.ActiveCfg = Debug|Any CPU
		{FAB53F03-6932-4E2B-87BE-4B818B5E85AA}.Debug|Any CPU.Build.0 = Debug|Any CPU
		{FAB53F03-6932-4E2B-87BE-4B818B5E85AA}.Release|Any CPU.ActiveCfg = Release|Any CPU
		{FAB53F03-6932-4E2B-87BE-4B818B5E85AA}.Release|Any CPU.Build.0 = Release|Any CPU
		{D4AB25FE-EAC2-469F-8CEA-79C5894E7FF0}.Debug|Any CPU.ActiveCfg = Debug|Any CPU
		{D4AB25FE-EAC2-469F-8CEA-79C5894E7FF0}.Debug|Any CPU.Build.0 = Debug|Any CPU
		{D4AB25FE-EAC2-469F-8CEA-79C5894E7FF0}.Release|Any CPU.ActiveCfg = Release|Any CPU
		{D4AB25FE-EAC2-469F-8CEA-79C5894E7FF0}.Release|Any CPU.Build.0 = Release|Any CPU
		{85C8D5B7-1692-434C-AFCD-01940930F6C5}.Debug|Any CPU.ActiveCfg = Debug|Any CPU
		{85C8D5B7-1692-434C-AFCD-01940930F6C5}.Debug|Any CPU.Build.0 = Debug|Any CPU
		{85C8D5B7-1692-434C-AFCD-01940930F6C5}.Release|Any CPU.ActiveCfg = Release|Any CPU
		{85C8D5B7-1692-434C-AFCD-01940930F6C5}.Release|Any CPU.Build.0 = Release|Any CPU
		{15F1E2CE-C9ED-463D-B842-3B8FA922F8C6}.Debug|Any CPU.ActiveCfg = Debug|Any CPU
		{15F1E2CE-C9ED-463D-B842-3B8FA922F8C6}.Debug|Any CPU.Build.0 = Debug|Any CPU
		{15F1E2CE-C9ED-463D-B842-3B8FA922F8C6}.Release|Any CPU.ActiveCfg = Release|Any CPU
		{15F1E2CE-C9ED-463D-B842-3B8FA922F8C6}.Release|Any CPU.Build.0 = Release|Any CPU
		{42DC902E-89CE-4CC3-BFF2-017F6B804D2D}.Debug|Any CPU.ActiveCfg = Debug|Any CPU
		{42DC902E-89CE-4CC3-BFF2-017F6B804D2D}.Debug|Any CPU.Build.0 = Debug|Any CPU
		{42DC902E-89CE-4CC3-BFF2-017F6B804D2D}.Release|Any CPU.ActiveCfg = Release|Any CPU
		{42DC902E-89CE-4CC3-BFF2-017F6B804D2D}.Release|Any CPU.Build.0 = Release|Any CPU
		{8BFBF42C-D5FD-46F4-8A32-DABC19455077}.Debug|Any CPU.ActiveCfg = Debug|Any CPU
		{8BFBF42C-D5FD-46F4-8A32-DABC19455077}.Debug|Any CPU.Build.0 = Debug|Any CPU
		{8BFBF42C-D5FD-46F4-8A32-DABC19455077}.Release|Any CPU.ActiveCfg = Release|Any CPU
		{8BFBF42C-D5FD-46F4-8A32-DABC19455077}.Release|Any CPU.Build.0 = Release|Any CPU
		{9C2217D9-6890-49EF-9593-C1D20BBC204D}.Debug|Any CPU.ActiveCfg = Debug|Any CPU
		{9C2217D9-6890-49EF-9593-C1D20BBC204D}.Debug|Any CPU.Build.0 = Debug|Any CPU
		{9C2217D9-6890-49EF-9593-C1D20BBC204D}.Release|Any CPU.ActiveCfg = Release|Any CPU
		{9C2217D9-6890-49EF-9593-C1D20BBC204D}.Release|Any CPU.Build.0 = Release|Any CPU
	EndGlobalSection
	GlobalSection(SolutionProperties) = preSolution
		HideSolutionNode = FALSE
	EndGlobalSection
	GlobalSection(NestedProjects) = preSolution
		{946E0A0A-8280-46B3-893E-1B00A554CCAB} = {0CD943B7-DF8C-444B-A341-93894542B8CF}
		{F7C67C95-FACB-4160-9A88-CB738E65E034} = {0CD943B7-DF8C-444B-A341-93894542B8CF}
		{D58A373C-1A9C-4BF7-833D-427E4AEF8502} = {0CD943B7-DF8C-444B-A341-93894542B8CF}
		{9FD5C648-E310-41F2-A905-517514E9E4E2} = {B60BCD28-D10E-4ACF-86A4-CDBB6FE2BA90}
		{40B1620B-9248-4965-AB4A-4DE71B1BFC5F} = {B60BCD28-D10E-4ACF-86A4-CDBB6FE2BA90}
		{E34D7585-25DA-4622-9019-89DBC766AD67} = {0CD943B7-DF8C-444B-A341-93894542B8CF}
		{4E6DC732-C77F-420C-B162-869496520D99} = {B60BCD28-D10E-4ACF-86A4-CDBB6FE2BA90}
		{EF0FECD8-4A75-4D0E-8D98-1AF4218D2618} = {0CD943B7-DF8C-444B-A341-93894542B8CF}
		{B60BCD28-D10E-4ACF-86A4-CDBB6FE2BA90} = {2DFA1EE8-C9D7-4A06-8490-C49EC170FE9F}
		{2F9BC5E5-8782-4A7E-863A-EC944EAFAC4B} = {9B597CC9-7726-4D9D-A79F-78B5254B0C97}
		{AB8E170C-A389-4700-88D8-E3C42B1DB65C} = {9B597CC9-7726-4D9D-A79F-78B5254B0C97}
		{15279347-B0D7-41F3-A955-F4C34AA1A03B} = {534E2081-80F7-43E1-A1BF-FB59ACE918CC}
		{6312040F-2467-4479-A764-46F687DBA66B} = {0CD943B7-DF8C-444B-A341-93894542B8CF}
		{EC26E385-6DED-4695-9338-B7136152ABC6} = {534E2081-80F7-43E1-A1BF-FB59ACE918CC}
		{534E2081-80F7-43E1-A1BF-FB59ACE918CC} = {0CD943B7-DF8C-444B-A341-93894542B8CF}
		{B87A679B-22C1-4222-B3A8-B41C358EFA19} = {0CD943B7-DF8C-444B-A341-93894542B8CF}
		{FA06BC09-11B9-4FBD-81CD-24075ED1EC57} = {B87A679B-22C1-4222-B3A8-B41C358EFA19}
		{8A4E190D-7D67-4EA4-92C7-90477608C091} = {B87A679B-22C1-4222-B3A8-B41C358EFA19}
		{83C2F482-D836-49EE-A54D-B8686574B297} = {0CD943B7-DF8C-444B-A341-93894542B8CF}
		{47D3569D-7FE4-4A97-99AF-8B16823F3B1F} = {83C2F482-D836-49EE-A54D-B8686574B297}
		{6B7BC43B-7373-41F8-95C9-7E76FCFA3672} = {83C2F482-D836-49EE-A54D-B8686574B297}
		{34320480-00D5-4399-B4B1-25BF7B297EAB} = {0CD943B7-DF8C-444B-A341-93894542B8CF}
		{6A4D4590-B97E-46D0-9F8F-1C82A97D2BBC} = {0CD943B7-DF8C-444B-A341-93894542B8CF}
		{FAB53F03-6932-4E2B-87BE-4B818B5E85AA} = {6A4D4590-B97E-46D0-9F8F-1C82A97D2BBC}
		{D4AB25FE-EAC2-469F-8CEA-79C5894E7FF0} = {4B0FD294-8EB3-43B6-B09C-BF45C00D8A3E}
		{85C8D5B7-1692-434C-AFCD-01940930F6C5} = {0CD943B7-DF8C-444B-A341-93894542B8CF}
		{15F1E2CE-C9ED-463D-B842-3B8FA922F8C6} = {0CD943B7-DF8C-444B-A341-93894542B8CF}
		{42DC902E-89CE-4CC3-BFF2-017F6B804D2D} = {83C2F482-D836-49EE-A54D-B8686574B297}
		{4B0FD294-8EB3-43B6-B09C-BF45C00D8A3E} = {0CD943B7-DF8C-444B-A341-93894542B8CF}
		{8BFBF42C-D5FD-46F4-8A32-DABC19455077} = {6A4D4590-B97E-46D0-9F8F-1C82A97D2BBC}
		{9C2217D9-6890-49EF-9593-C1D20BBC204D} = {0CD943B7-DF8C-444B-A341-93894542B8CF}
	EndGlobalSection
EndGlobal
